{
  "version": 4,
  "terraform_version": "1.5.1",
  "serial": 10,
  "lineage": "5c255b98-f1e2-cef4-f63d-ac5b8a72b08b",
  "outputs": {},
  "resources": [
    {
      "mode": "managed",
      "type": "google_artifact_registry_repository",
      "name": "bus-container-registry",
      "provider": "provider[\"registry.terraform.io/hashicorp/google\"]",
      "instances": [
        {
          "schema_version": 0,
          "attributes": {
            "create_time": "2023-07-01T12:44:42.693425Z",
            "description": "",
            "docker_config": [],
            "format": "DOCKER",
            "id": "projects/bus-project-390317/locations/europe-west6/repositories/bus-tracking-docker",
            "kms_key_name": "",
            "labels": {},
            "location": "europe-west6",
            "maven_config": [],
            "mode": "STANDARD_REPOSITORY",
            "name": "bus-tracking-docker",
            "project": "bus-project-390317",
            "remote_repository_config": [],
            "repository_id": "bus-tracking-docker",
            "timeouts": null,
            "update_time": "2023-07-01T12:44:42.693425Z",
            "virtual_repository_config": []
          },
          "sensitive_attributes": [],
          "private": "eyJlMmJmYjczMC1lY2FhLTExZTYtOGY4OC0zNDM2M2JjN2M0YzAiOnsiY3JlYXRlIjoxMjAwMDAwMDAwMDAwLCJkZWxldGUiOjEyMDAwMDAwMDAwMDAsInVwZGF0ZSI6MTIwMDAwMDAwMDAwMH19"
        }
      ]
    },
    {
      "mode": "managed",
      "type": "google_storage_bucket",
      "name": "bus-tracker-gcs-bucket",
      "provider": "provider[\"registry.terraform.io/hashicorp/google\"]",
      "instances": [
        {
          "schema_version": 0,
          "attributes": {
            "autoclass": [],
            "cors": [],
            "custom_placement_config": [],
            "default_event_based_hold": false,
            "encryption": [],
            "force_destroy": true,
            "id": "bus-bucket-ka3",
            "labels": {},
            "lifecycle_rule": [],
            "location": "EUROPE-WEST6",
            "logging": [],
            "name": "bus-bucket-ka3",
            "project": "bus-project-390317",
            "public_access_prevention": "inherited",
            "requester_pays": false,
            "retention_policy": [],
            "self_link": "https://www.googleapis.com/storage/v1/b/bus-bucket-ka3",
            "storage_class": "STANDARD",
            "timeouts": null,
            "uniform_bucket_level_access": true,
            "url": "gs://bus-bucket-ka3",
            "versioning": [
              {
                "enabled": true
              }
            ],
            "website": []
          },
          "sensitive_attributes": [],
          "private": "eyJlMmJmYjczMC1lY2FhLTExZTYtOGY4OC0zNDM2M2JjN2M0YzAiOnsiY3JlYXRlIjo2MDAwMDAwMDAwMDAsInJlYWQiOjI0MDAwMDAwMDAwMCwidXBkYXRlIjoyNDAwMDAwMDAwMDB9fQ=="
        }
      ]
    }
  ],
  "check_results": null
}
